// !$*UTF8*$!
{
	archiveVersion = 1;
	classes = {
	};
	objectVersion = 52;
	objects = {

/* Begin PBXBuildFile section */
		9106041E2528F3540012E91E /* TallyItem.swift in Sources */ = {isa = PBXBuildFile; fileRef = 9106041D2528F3540012E91E /* TallyItem.swift */; };
		9140A5762527E0D700943D0C /* TallyBarsApp.swift in Sources */ = {isa = PBXBuildFile; fileRef = 9140A5752527E0D700943D0C /* TallyBarsApp.swift */; };
		9140A5782527E0D700943D0C /* AllListsView.swift in Sources */ = {isa = PBXBuildFile; fileRef = 9140A5772527E0D700943D0C /* AllListsView.swift */; };
		9140A57A2527E0DB00943D0C /* Assets.xcassets in Resources */ = {isa = PBXBuildFile; fileRef = 9140A5792527E0DB00943D0C /* Assets.xcassets */; };
		9140A57D2527E0DB00943D0C /* Preview Assets.xcassets in Resources */ = {isa = PBXBuildFile; fileRef = 9140A57C2527E0DB00943D0C /* Preview Assets.xcassets */; };
		91A807D62527F54E0009E5AC /* FLite in Frameworks */ = {isa = PBXBuildFile; productRef = 91A807D52527F54E0009E5AC /* FLite */; };
		91A807DA2527F5DD0009E5AC /* Later in Frameworks */ = {isa = PBXBuildFile; productRef = 91A807D92527F5DD0009E5AC /* Later */; };
		91A807DD2527F65E0009E5AC /* TallyList.swift in Sources */ = {isa = PBXBuildFile; fileRef = 91A807DC2527F65E0009E5AC /* TallyList.swift */; };
		91A807E22527FA830009E5AC /* SingleListView.swift in Sources */ = {isa = PBXBuildFile; fileRef = 91A807E12527FA830009E5AC /* SingleListView.swift */; };
		91A807E52528A3A20009E5AC /* TextAlert.swift in Sources */ = {isa = PBXBuildFile; fileRef = 91A807E42528A3A20009E5AC /* TextAlert.swift */; };
		91D1CCD4252B39B800DDE8C6 /* ListProvider.swift in Sources */ = {isa = PBXBuildFile; fileRef = 91D1CCD3252B39B800DDE8C6 /* ListProvider.swift */; };
		91D1CCD9252B5F5E00DDE8C6 /* BarChartKit-dynamic in Frameworks */ = {isa = PBXBuildFile; productRef = 91D1CCD8252B5F5E00DDE8C6 /* BarChartKit-dynamic */; };
		91D1CCDA252B5F5E00DDE8C6 /* BarChartKit-dynamic in Embed Frameworks */ = {isa = PBXBuildFile; productRef = 91D1CCD8252B5F5E00DDE8C6 /* BarChartKit-dynamic */; settings = {ATTRIBUTES = (CodeSignOnCopy, ); }; };
		91EC6002252A9D9F00BFB255 /* SwiftUICharts in Frameworks */ = {isa = PBXBuildFile; productRef = 91EC6001252A9D9F00BFB255 /* SwiftUICharts */; };
/* End PBXBuildFile section */

/* Begin PBXCopyFilesBuildPhase section */
		91D1CCDB252B5F5E00DDE8C6 /* Embed Frameworks */ = {
			isa = PBXCopyFilesBuildPhase;
			buildActionMask = 2147483647;
			dstPath = "";
			dstSubfolderSpec = 10;
			files = (
				91D1CCDA252B5F5E00DDE8C6 /* BarChartKit-dynamic in Embed Frameworks */,
			);
			name = "Embed Frameworks";
			runOnlyForDeploymentPostprocessing = 0;
		};
/* End PBXCopyFilesBuildPhase section */

/* Begin PBXFileReference section */
		9106041D2528F3540012E91E /* TallyItem.swift */ = {isa = PBXFileReference; lastKnownFileType = sourcecode.swift; path = TallyItem.swift; sourceTree = "<group>"; };
		9140A5722527E0D700943D0C /* TallyBars.app */ = {isa = PBXFileReference; explicitFileType = wrapper.application; includeInIndex = 0; path = TallyBars.app; sourceTree = BUILT_PRODUCTS_DIR; };
		9140A5752527E0D700943D0C /* TallyBarsApp.swift */ = {isa = PBXFileReference; lastKnownFileType = sourcecode.swift; path = TallyBarsApp.swift; sourceTree = "<group>"; };
		9140A5772527E0D700943D0C /* AllListsView.swift */ = {isa = PBXFileReference; lastKnownFileType = sourcecode.swift; path = AllListsView.swift; sourceTree = "<group>"; };
		9140A5792527E0DB00943D0C /* Assets.xcassets */ = {isa = PBXFileReference; lastKnownFileType = folder.assetcatalog; path = Assets.xcassets; sourceTree = "<group>"; };
		9140A57C2527E0DB00943D0C /* Preview Assets.xcassets */ = {isa = PBXFileReference; lastKnownFileType = folder.assetcatalog; path = "Preview Assets.xcassets"; sourceTree = "<group>"; };
		9140A57E2527E0DB00943D0C /* Info.plist */ = {isa = PBXFileReference; lastKnownFileType = text.plist.xml; path = Info.plist; sourceTree = "<group>"; };
		91A807DC2527F65E0009E5AC /* TallyList.swift */ = {isa = PBXFileReference; lastKnownFileType = sourcecode.swift; path = TallyList.swift; sourceTree = "<group>"; };
		91A807E12527FA830009E5AC /* SingleListView.swift */ = {isa = PBXFileReference; lastKnownFileType = sourcecode.swift; path = SingleListView.swift; sourceTree = "<group>"; };
		91A807E42528A3A20009E5AC /* TextAlert.swift */ = {isa = PBXFileReference; lastKnownFileType = sourcecode.swift; path = TextAlert.swift; sourceTree = "<group>"; };
		91D1CCD3252B39B800DDE8C6 /* ListProvider.swift */ = {isa = PBXFileReference; lastKnownFileType = sourcecode.swift; path = ListProvider.swift; sourceTree = "<group>"; };
/* End PBXFileReference section */

/* Begin PBXFrameworksBuildPhase section */
		9140A56F2527E0D700943D0C /* Frameworks */ = {
			isa = PBXFrameworksBuildPhase;
			buildActionMask = 2147483647;
			files = (
				91D1CCD9252B5F5E00DDE8C6 /* BarChartKit-dynamic in Frameworks */,
				91A807D62527F54E0009E5AC /* FLite in Frameworks */,
				91EC6002252A9D9F00BFB255 /* SwiftUICharts in Frameworks */,
				91A807DA2527F5DD0009E5AC /* Later in Frameworks */,
			);
			runOnlyForDeploymentPostprocessing = 0;
		};
/* End PBXFrameworksBuildPhase section */

/* Begin PBXGroup section */
		9140A5692527E0D600943D0C = {
			isa = PBXGroup;
			children = (
				9140A5742527E0D700943D0C /* TallyBars */,
				9140A5732527E0D700943D0C /* Products */,
			);
			sourceTree = "<group>";
		};
		9140A5732527E0D700943D0C /* Products */ = {
			isa = PBXGroup;
			children = (
				9140A5722527E0D700943D0C /* TallyBars.app */,
			);
			name = Products;
			sourceTree = "<group>";
		};
		9140A5742527E0D700943D0C /* TallyBars */ = {
			isa = PBXGroup;
			children = (
				9140A5752527E0D700943D0C /* TallyBarsApp.swift */,
				9140A5772527E0D700943D0C /* AllListsView.swift */,
				91A807E42528A3A20009E5AC /* TextAlert.swift */,
				91A807E12527FA830009E5AC /* SingleListView.swift */,
				91A807DC2527F65E0009E5AC /* TallyList.swift */,
				9106041D2528F3540012E91E /* TallyItem.swift */,
				91D1CCD3252B39B800DDE8C6 /* ListProvider.swift */,
				9140A5792527E0DB00943D0C /* Assets.xcassets */,
				9140A57E2527E0DB00943D0C /* Info.plist */,
				9140A57B2527E0DB00943D0C /* Preview Content */,
			);
			path = TallyBars;
			sourceTree = "<group>";
		};
		9140A57B2527E0DB00943D0C /* Preview Content */ = {
			isa = PBXGroup;
			children = (
				9140A57C2527E0DB00943D0C /* Preview Assets.xcassets */,
			);
			path = "Preview Content";
			sourceTree = "<group>";
		};
/* End PBXGroup section */

/* Begin PBXNativeTarget section */
		9140A5712527E0D700943D0C /* TallyBars */ = {
			isa = PBXNativeTarget;
			buildConfigurationList = 9140A5812527E0DB00943D0C /* Build configuration list for PBXNativeTarget "TallyBars" */;
			buildPhases = (
				9140A56E2527E0D700943D0C /* Sources */,
				9140A56F2527E0D700943D0C /* Frameworks */,
				9140A5702527E0D700943D0C /* Resources */,
				91D1CCDB252B5F5E00DDE8C6 /* Embed Frameworks */,
			);
			buildRules = (
			);
			dependencies = (
			);
			name = TallyBars;
			packageProductDependencies = (
				91A807D52527F54E0009E5AC /* FLite */,
				91A807D92527F5DD0009E5AC /* Later */,
				91EC6001252A9D9F00BFB255 /* SwiftUICharts */,
				91D1CCD8252B5F5E00DDE8C6 /* BarChartKit-dynamic */,
			);
			productName = TallyBars;
			productReference = 9140A5722527E0D700943D0C /* TallyBars.app */;
			productType = "com.apple.product-type.application";
		};
/* End PBXNativeTarget section */

/* Begin PBXProject section */
		9140A56A2527E0D600943D0C /* Project object */ = {
			isa = PBXProject;
			attributes = {
				LastSwiftUpdateCheck = 1200;
				LastUpgradeCheck = 1200;
				TargetAttributes = {
					9140A5712527E0D700943D0C = {
						CreatedOnToolsVersion = 12.0.1;
					};
				};
			};
			buildConfigurationList = 9140A56D2527E0D600943D0C /* Build configuration list for PBXProject "TallyBars" */;
			compatibilityVersion = "Xcode 9.3";
			developmentRegion = en;
			hasScannedForEncodings = 0;
			knownRegions = (
				en,
				Base,
			);
			mainGroup = 9140A5692527E0D600943D0C;
			packageReferences = (
				91A807D42527F54E0009E5AC /* XCRemoteSwiftPackageReference "FLite" */,
				91A807D82527F5DD0009E5AC /* XCRemoteSwiftPackageReference "Later" */,
				91EC6000252A9D9F00BFB255 /* XCRemoteSwiftPackageReference "ChartView" */,
				91D1CCD7252B5F5D00DDE8C6 /* XCRemoteSwiftPackageReference "BarChart" */,
			);
			productRefGroup = 9140A5732527E0D700943D0C /* Products */;
			projectDirPath = "";
			projectRoot = "";
			targets = (
				9140A5712527E0D700943D0C /* TallyBars */,
			);
		};
/* End PBXProject section */

/* Begin PBXResourcesBuildPhase section */
		9140A5702527E0D700943D0C /* Resources */ = {
			isa = PBXResourcesBuildPhase;
			buildActionMask = 2147483647;
			files = (
				9140A57D2527E0DB00943D0C /* Preview Assets.xcassets in Resources */,
				9140A57A2527E0DB00943D0C /* Assets.xcassets in Resources */,
			);
			runOnlyForDeploymentPostprocessing = 0;
		};
/* End PBXResourcesBuildPhase section */

/* Begin PBXSourcesBuildPhase section */
		9140A56E2527E0D700943D0C /* Sources */ = {
			isa = PBXSourcesBuildPhase;
			buildActionMask = 2147483647;
			files = (
				91A807E22527FA830009E5AC /* SingleListView.swift in Sources */,
				91A807E52528A3A20009E5AC /* TextAlert.swift in Sources */,
				91D1CCD4252B39B800DDE8C6 /* ListProvider.swift in Sources */,
				91A807DD2527F65E0009E5AC /* TallyList.swift in Sources */,
				9106041E2528F3540012E91E /* TallyItem.swift in Sources */,
				9140A5782527E0D700943D0C /* AllListsView.swift in Sources */,
				9140A5762527E0D700943D0C /* TallyBarsApp.swift in Sources */,
			);
			runOnlyForDeploymentPostprocessing = 0;
		};
/* End PBXSourcesBuildPhase section */

/* Begin XCBuildConfiguration section */
		9140A57F2527E0DB00943D0C /* Debug */ = {
			isa = XCBuildConfiguration;
			buildSettings = {
				ALWAYS_SEARCH_USER_PATHS = NO;
				CLANG_ANALYZER_NONNULL = YES;
				CLANG_ANALYZER_NUMBER_OBJECT_CONVERSION = YES_AGGRESSIVE;
				CLANG_CXX_LANGUAGE_STANDARD = "gnu++14";
				CLANG_CXX_LIBRARY = "libc++";
				CLANG_ENABLE_MODULES = YES;
				CLANG_ENABLE_OBJC_ARC = YES;
				CLANG_ENABLE_OBJC_WEAK = YES;
				CLANG_WARN_BLOCK_CAPTURE_AUTORELEASING = YES;
				CLANG_WARN_BOOL_CONVERSION = YES;
				CLANG_WARN_COMMA = YES;
				CLANG_WARN_CONSTANT_CONVERSION = YES;
				CLANG_WARN_DEPRECATED_OBJC_IMPLEMENTATIONS = YES;
				CLANG_WARN_DIRECT_OBJC_ISA_USAGE = YES_ERROR;
				CLANG_WARN_DOCUMENTATION_COMMENTS = YES;
				CLANG_WARN_EMPTY_BODY = YES;
				CLANG_WARN_ENUM_CONVERSION = YES;
				CLANG_WARN_INFINITE_RECURSION = YES;
				CLANG_WARN_INT_CONVERSION = YES;
				CLANG_WARN_NON_LITERAL_NULL_CONVERSION = YES;
				CLANG_WARN_OBJC_IMPLICIT_RETAIN_SELF = YES;
				CLANG_WARN_OBJC_LITERAL_CONVERSION = YES;
				CLANG_WARN_OBJC_ROOT_CLASS = YES_ERROR;
				CLANG_WARN_QUOTED_INCLUDE_IN_FRAMEWORK_HEADER = YES;
				CLANG_WARN_RANGE_LOOP_ANALYSIS = YES;
				CLANG_WARN_STRICT_PROTOTYPES = YES;
				CLANG_WARN_SUSPICIOUS_MOVE = YES;
				CLANG_WARN_UNGUARDED_AVAILABILITY = YES_AGGRESSIVE;
				CLANG_WARN_UNREACHABLE_CODE = YES;
				CLANG_WARN__DUPLICATE_METHOD_MATCH = YES;
				COPY_PHASE_STRIP = NO;
				DEBUG_INFORMATION_FORMAT = dwarf;
				ENABLE_STRICT_OBJC_MSGSEND = YES;
				ENABLE_TESTABILITY = YES;
				GCC_C_LANGUAGE_STANDARD = gnu11;
				GCC_DYNAMIC_NO_PIC = NO;
				GCC_NO_COMMON_BLOCKS = YES;
				GCC_OPTIMIZATION_LEVEL = 0;
				GCC_PREPROCESSOR_DEFINITIONS = (
					"DEBUG=1",
					"$(inherited)",
				);
				GCC_WARN_64_TO_32_BIT_CONVERSION = YES;
				GCC_WARN_ABOUT_RETURN_TYPE = YES_ERROR;
				GCC_WARN_UNDECLARED_SELECTOR = YES;
				GCC_WARN_UNINITIALIZED_AUTOS = YES_AGGRESSIVE;
				GCC_WARN_UNUSED_FUNCTION = YES;
				GCC_WARN_UNUSED_VARIABLE = YES;
				IPHONEOS_DEPLOYMENT_TARGET = 14.0;
				MTL_ENABLE_DEBUG_INFO = INCLUDE_SOURCE;
				MTL_FAST_MATH = YES;
				ONLY_ACTIVE_ARCH = YES;
				SDKROOT = iphoneos;
				SWIFT_ACTIVE_COMPILATION_CONDITIONS = DEBUG;
				SWIFT_OPTIMIZATION_LEVEL = "-Onone";
			};
			name = Debug;
		};
		9140A5802527E0DB00943D0C /* Release */ = {
			isa = XCBuildConfiguration;
			buildSettings = {
				ALWAYS_SEARCH_USER_PATHS = NO;
				CLANG_ANALYZER_NONNULL = YES;
				CLANG_ANALYZER_NUMBER_OBJECT_CONVERSION = YES_AGGRESSIVE;
				CLANG_CXX_LANGUAGE_STANDARD = "gnu++14";
				CLANG_CXX_LIBRARY = "libc++";
				CLANG_ENABLE_MODULES = YES;
				CLANG_ENABLE_OBJC_ARC = YES;
				CLANG_ENABLE_OBJC_WEAK = YES;
				CLANG_WARN_BLOCK_CAPTURE_AUTORELEASING = YES;
				CLANG_WARN_BOOL_CONVERSION = YES;
				CLANG_WARN_COMMA = YES;
				CLANG_WARN_CONSTANT_CONVERSION = YES;
				CLANG_WARN_DEPRECATED_OBJC_IMPLEMENTATIONS = YES;
				CLANG_WARN_DIRECT_OBJC_ISA_USAGE = YES_ERROR;
				CLANG_WARN_DOCUMENTATION_COMMENTS = YES;
				CLANG_WARN_EMPTY_BODY = YES;
				CLANG_WARN_ENUM_CONVERSION = YES;
				CLANG_WARN_INFINITE_RECURSION = YES;
				CLANG_WARN_INT_CONVERSION = YES;
				CLANG_WARN_NON_LITERAL_NULL_CONVERSION = YES;
				CLANG_WARN_OBJC_IMPLICIT_RETAIN_SELF = YES;
				CLANG_WARN_OBJC_LITERAL_CONVERSION = YES;
				CLANG_WARN_OBJC_ROOT_CLASS = YES_ERROR;
				CLANG_WARN_QUOTED_INCLUDE_IN_FRAMEWORK_HEADER = YES;
				CLANG_WARN_RANGE_LOOP_ANALYSIS = YES;
				CLANG_WARN_STRICT_PROTOTYPES = YES;
				CLANG_WARN_SUSPICIOUS_MOVE = YES;
				CLANG_WARN_UNGUARDED_AVAILABILITY = YES_AGGRESSIVE;
				CLANG_WARN_UNREACHABLE_CODE = YES;
				CLANG_WARN__DUPLICATE_METHOD_MATCH = YES;
				COPY_PHASE_STRIP = NO;
				DEBUG_INFORMATION_FORMAT = "dwarf-with-dsym";
				ENABLE_NS_ASSERTIONS = NO;
				ENABLE_STRICT_OBJC_MSGSEND = YES;
				GCC_C_LANGUAGE_STANDARD = gnu11;
				GCC_NO_COMMON_BLOCKS = YES;
				GCC_WARN_64_TO_32_BIT_CONVERSION = YES;
				GCC_WARN_ABOUT_RETURN_TYPE = YES_ERROR;
				GCC_WARN_UNDECLARED_SELECTOR = YES;
				GCC_WARN_UNINITIALIZED_AUTOS = YES_AGGRESSIVE;
				GCC_WARN_UNUSED_FUNCTION = YES;
				GCC_WARN_UNUSED_VARIABLE = YES;
				IPHONEOS_DEPLOYMENT_TARGET = 14.0;
				MTL_ENABLE_DEBUG_INFO = NO;
				MTL_FAST_MATH = YES;
				SDKROOT = iphoneos;
				SWIFT_COMPILATION_MODE = wholemodule;
				SWIFT_OPTIMIZATION_LEVEL = "-O";
				VALIDATE_PRODUCT = YES;
			};
			name = Release;
		};
		9140A5822527E0DB00943D0C /* Debug */ = {
			isa = XCBuildConfiguration;
			buildSettings = {
				ASSETCATALOG_COMPILER_APPICON_NAME = AppIcon;
				ASSETCATALOG_COMPILER_GLOBAL_ACCENT_COLOR_NAME = AccentColor;
				CODE_SIGN_STYLE = Automatic;
				DEVELOPMENT_ASSET_PATHS = "\"TallyBars/Preview Content\"";
				DEVELOPMENT_TEAM = SDPTWQFVDC;
				ENABLE_PREVIEWS = YES;
				INFOPLIST_FILE = TallyBars/Info.plist;
				IPHONEOS_DEPLOYMENT_TARGET = 14.0;
				LD_RUNPATH_SEARCH_PATHS = (
					"$(inherited)",
					"@executable_path/Frameworks",
				);
				PRODUCT_BUNDLE_IDENTIFIER = "anachronistic-tech.TallyBars";
				PRODUCT_NAME = "$(TARGET_NAME)";
				SWIFT_VERSION = 5.0;
				TARGETED_DEVICE_FAMILY = "1,2";
			};
			name = Debug;
		};
		9140A5832527E0DB00943D0C /* Release */ = {
			isa = XCBuildConfiguration;
			buildSettings = {
				ASSETCATALOG_COMPILER_APPICON_NAME = AppIcon;
				ASSETCATALOG_COMPILER_GLOBAL_ACCENT_COLOR_NAME = AccentColor;
				CODE_SIGN_STYLE = Automatic;
				DEVELOPMENT_ASSET_PATHS = "\"TallyBars/Preview Content\"";
				DEVELOPMENT_TEAM = SDPTWQFVDC;
				ENABLE_PREVIEWS = YES;
				INFOPLIST_FILE = TallyBars/Info.plist;
				IPHONEOS_DEPLOYMENT_TARGET = 14.0;
				LD_RUNPATH_SEARCH_PATHS = (
					"$(inherited)",
					"@executable_path/Frameworks",
				);
				PRODUCT_BUNDLE_IDENTIFIER = "anachronistic-tech.TallyBars";
				PRODUCT_NAME = "$(TARGET_NAME)";
				SWIFT_VERSION = 5.0;
				TARGETED_DEVICE_FAMILY = "1,2";
			};
			name = Release;
		};
/* End XCBuildConfiguration section */

/* Begin XCConfigurationList section */
		9140A56D2527E0D600943D0C /* Build configuration list for PBXProject "TallyBars" */ = {
			isa = XCConfigurationList;
			buildConfigurations = (
				9140A57F2527E0DB00943D0C /* Debug */,
				9140A5802527E0DB00943D0C /* Release */,
			);
			defaultConfigurationIsVisible = 0;
			defaultConfigurationName = Release;
		};
		9140A5812527E0DB00943D0C /* Build configuration list for PBXNativeTarget "TallyBars" */ = {
			isa = XCConfigurationList;
			buildConfigurations = (
				9140A5822527E0DB00943D0C /* Debug */,
				9140A5832527E0DB00943D0C /* Release */,
			);
			defaultConfigurationIsVisible = 0;
			defaultConfigurationName = Release;
		};
/* End XCConfigurationList section */

/* Begin XCRemoteSwiftPackageReference section */
		91A807D42527F54E0009E5AC /* XCRemoteSwiftPackageReference "FLite" */ = {
			isa = XCRemoteSwiftPackageReference;
			repositoryURL = "https://github.com/0xLeif/FLite";
			requirement = {
				kind = upToNextMajorVersion;
				minimumVersion = 1.0.0;
			};
		};
		91A807D82527F5DD0009E5AC /* XCRemoteSwiftPackageReference "Later" */ = {
			isa = XCRemoteSwiftPackageReference;
			repositoryURL = "https://github.com/0xLeif/Later";
			requirement = {
				kind = upToNextMajorVersion;
				minimumVersion = 0.4.0;
			};
		};
		91D1CCD7252B5F5D00DDE8C6 /* XCRemoteSwiftPackageReference "BarChart" */ = {
			isa = XCRemoteSwiftPackageReference;
			repositoryURL = "https://github.com/marekpridal/BarChart";
			requirement = {
				kind = upToNextMajorVersion;
				minimumVersion = 1.2.0;
			};
		};
		91EC6000252A9D9F00BFB255 /* XCRemoteSwiftPackageReference "ChartView" */ = {
			isa = XCRemoteSwiftPackageReference;
			repositoryURL = "https://github.com/AppPear/ChartView";
			requirement = {
				kind = upToNextMajorVersion;
				minimumVersion = 1.0.0;
			};
		};
/* End XCRemoteSwiftPackageReference section */

/* Begin XCSwiftPackageProductDependency section */
		91A807D52527F54E0009E5AC /* FLite */ = {
			isa = XCSwiftPackageProductDependency;
			package = 91A807D42527F54E0009E5AC /* XCRemoteSwiftPackageReference "FLite" */;
			productName = FLite;
		};
		91A807D92527F5DD0009E5AC /* Later */ = {
			isa = XCSwiftPackageProductDependency;
			package = 91A807D82527F5DD0009E5AC /* XCRemoteSwiftPackageReference "Later" */;
			productName = Later;
		};
		91D1CCD8252B5F5E00DDE8C6 /* BarChartKit-dynamic */ = {
			isa = XCSwiftPackageProductDependency;
			package = 91D1CCD7252B5F5D00DDE8C6 /* XCRemoteSwiftPackageReference "BarChart" */;
			productName = "BarChartKit-dynamic";
		};
		91EC6001252A9D9F00BFB255 /* SwiftUICharts */ = {
			isa = XCSwiftPackageProductDependency;
			package = 91EC6000252A9D9F00BFB255 /* XCRemoteSwiftPackageReference "ChartView" */;
			productName = SwiftUICharts;
		};
/* End XCSwiftPackageProductDependency section */
	};
	rootObject = 9140A56A2527E0D600943D0C /* Project object */;
}
